// !$*UTF8*$!
{
	archiveVersion = 1;
	classes = {
	};
	objectVersion = 56;
	objects = {

/* Begin PBXBuildFile section */
		EC7E30B829E9F54E00975FF6 /* Story.swift in Sources */ = {isa = PBXBuildFile; fileRef = EC7E30B729E9F54E00975FF6 /* Story.swift */; };
		EC7E30BA29E9F56000975FF6 /* StoryBrain.swift in Sources */ = {isa = PBXBuildFile; fileRef = EC7E30B929E9F56000975FF6 /* StoryBrain.swift */; };
		ECDFAE7129E9F42500947C00 /* AppDelegate.swift in Sources */ = {isa = PBXBuildFile; fileRef = ECDFAE7029E9F42500947C00 /* AppDelegate.swift */; };
		ECDFAE7329E9F42500947C00 /* SceneDelegate.swift in Sources */ = {isa = PBXBuildFile; fileRef = ECDFAE7229E9F42500947C00 /* SceneDelegate.swift */; };
		ECDFAE7529E9F42500947C00 /* ViewController.swift in Sources */ = {isa = PBXBuildFile; fileRef = ECDFAE7429E9F42500947C00 /* ViewController.swift */; };
		ECDFAE7829E9F42500947C00 /* Main.storyboard in Resources */ = {isa = PBXBuildFile; fileRef = ECDFAE7629E9F42500947C00 /* Main.storyboard */; };
		ECDFAE7A29E9F42600947C00 /* Assets.xcassets in Resources */ = {isa = PBXBuildFile; fileRef = ECDFAE7929E9F42600947C00 /* Assets.xcassets */; };
		ECDFAE7D29E9F42600947C00 /* LaunchScreen.storyboard in Resources */ = {isa = PBXBuildFile; fileRef = ECDFAE7B29E9F42600947C00 /* LaunchScreen.storyboard */; };
		ECDFAE8829E9F42600947C00 /* DestiniTests.swift in Sources */ = {isa = PBXBuildFile; fileRef = ECDFAE8729E9F42600947C00 /* DestiniTests.swift */; };
		ECDFAE9229E9F42600947C00 /* DestiniUITests.swift in Sources */ = {isa = PBXBuildFile; fileRef = ECDFAE9129E9F42600947C00 /* DestiniUITests.swift */; };
		ECDFAE9429E9F42600947C00 /* DestiniUITestsLaunchTests.swift in Sources */ = {isa = PBXBuildFile; fileRef = ECDFAE9329E9F42600947C00 /* DestiniUITestsLaunchTests.swift */; };
/* End PBXBuildFile section */

/* Begin PBXContainerItemProxy section */
		ECDFAE8429E9F42600947C00 /* PBXContainerItemProxy */ = {
			isa = PBXContainerItemProxy;
			containerPortal = ECDFAE6529E9F42500947C00 /* Project object */;
			proxyType = 1;
			remoteGlobalIDString = ECDFAE6C29E9F42500947C00;
			remoteInfo = Destini;
		};
		ECDFAE8E29E9F42600947C00 /* PBXContainerItemProxy */ = {
			isa = PBXContainerItemProxy;
			containerPortal = ECDFAE6529E9F42500947C00 /* Project object */;
			proxyType = 1;
			remoteGlobalIDString = ECDFAE6C29E9F42500947C00;
			remoteInfo = Destini;
		};
/* End PBXContainerItemProxy section */

/* Begin PBXFileReference section */
		EC7E30B729E9F54E00975FF6 /* Story.swift */ = {isa = PBXFileReference; lastKnownFileType = sourcecode.swift; path = Story.swift; sourceTree = "<group>"; };
		EC7E30B929E9F56000975FF6 /* StoryBrain.swift */ = {isa = PBXFileReference; lastKnownFileType = sourcecode.swift; path = StoryBrain.swift; sourceTree = "<group>"; };
		ECDFAE6D29E9F42500947C00 /* Destini.app */ = {isa = PBXFileReference; explicitFileType = wrapper.application; includeInIndex = 0; path = Destini.app; sourceTree = BUILT_PRODUCTS_DIR; };
		ECDFAE7029E9F42500947C00 /* AppDelegate.swift */ = {isa = PBXFileReference; lastKnownFileType = sourcecode.swift; path = AppDelegate.swift; sourceTree = "<group>"; };
		ECDFAE7229E9F42500947C00 /* SceneDelegate.swift */ = {isa = PBXFileReference; lastKnownFileType = sourcecode.swift; path = SceneDelegate.swift; sourceTree = "<group>"; };
		ECDFAE7429E9F42500947C00 /* ViewController.swift */ = {isa = PBXFileReference; lastKnownFileType = sourcecode.swift; path = ViewController.swift; sourceTree = "<group>"; };
		ECDFAE7729E9F42500947C00 /* Base */ = {isa = PBXFileReference; lastKnownFileType = file.storyboard; name = Base; path = Base.lproj/Main.storyboard; sourceTree = "<group>"; };
		ECDFAE7929E9F42600947C00 /* Assets.xcassets */ = {isa = PBXFileReference; lastKnownFileType = folder.assetcatalog; path = Assets.xcassets; sourceTree = "<group>"; };
		ECDFAE7C29E9F42600947C00 /* Base */ = {isa = PBXFileReference; lastKnownFileType = file.storyboard; name = Base; path = Base.lproj/LaunchScreen.storyboard; sourceTree = "<group>"; };
		ECDFAE7E29E9F42600947C00 /* Info.plist */ = {isa = PBXFileReference; lastKnownFileType = text.plist.xml; path = Info.plist; sourceTree = "<group>"; };
		ECDFAE8329E9F42600947C00 /* DestiniTests.xctest */ = {isa = PBXFileReference; explicitFileType = wrapper.cfbundle; includeInIndex = 0; path = DestiniTests.xctest; sourceTree = BUILT_PRODUCTS_DIR; };
		ECDFAE8729E9F42600947C00 /* DestiniTests.swift */ = {isa = PBXFileReference; lastKnownFileType = sourcecode.swift; path = DestiniTests.swift; sourceTree = "<group>"; };
		ECDFAE8D29E9F42600947C00 /* DestiniUITests.xctest */ = {isa = PBXFileReference; explicitFileType = wrapper.cfbundle; includeInIndex = 0; path = DestiniUITests.xctest; sourceTree = BUILT_PRODUCTS_DIR; };
		ECDFAE9129E9F42600947C00 /* DestiniUITests.swift */ = {isa = PBXFileReference; lastKnownFileType = sourcecode.swift; path = DestiniUITests.swift; sourceTree = "<group>"; };
		ECDFAE9329E9F42600947C00 /* DestiniUITestsLaunchTests.swift */ = {isa = PBXFileReference; lastKnownFileType = sourcecode.swift; path = DestiniUITestsLaunchTests.swift; sourceTree = "<group>"; };
/* End PBXFileReference section */

/* Begin PBXFrameworksBuildPhase section */
		ECDFAE6A29E9F42500947C00 /* Frameworks */ = {
			isa = PBXFrameworksBuildPhase;
			buildActionMask = 2147483647;
			files = (
			);
			runOnlyForDeploymentPostprocessing = 0;
		};
		ECDFAE8029E9F42600947C00 /* Frameworks */ = {
			isa = PBXFrameworksBuildPhase;
			buildActionMask = 2147483647;
			files = (
			);
			runOnlyForDeploymentPostprocessing = 0;
		};
		ECDFAE8A29E9F42600947C00 /* Frameworks */ = {
			isa = PBXFrameworksBuildPhase;
			buildActionMask = 2147483647;
			files = (
			);
			runOnlyForDeploymentPostprocessing = 0;
		};
/* End PBXFrameworksBuildPhase section */

/* Begin PBXGroup section */
		EC7E30B629E9F51900975FF6 /* Controller */ = {
			isa = PBXGroup;
			children = (
				ECDFAE7429E9F42500947C00 /* ViewController.swift */,
			);
			path = Controller;
			sourceTree = "<group>";
		};
		EC7E30BB29E9F58000975FF6 /* Model */ = {
			isa = PBXGroup;
			children = (
				EC7E30B729E9F54E00975FF6 /* Story.swift */,
				EC7E30B929E9F56000975FF6 /* StoryBrain.swift */,
				EC7E30BC29E9F5A400975FF6 /* View */,
			);
			path = Model;
			sourceTree = "<group>";
		};
		EC7E30BC29E9F5A400975FF6 /* View */ = {
			isa = PBXGroup;
			children = (
				ECDFAE7629E9F42500947C00 /* Main.storyboard */,
			);
			path = View;
			sourceTree = "<group>";
		};
		ECDFAE6429E9F42500947C00 = {
			isa = PBXGroup;
			children = (
				ECDFAE6F29E9F42500947C00 /* Destini */,
				ECDFAE8629E9F42600947C00 /* DestiniTests */,
				ECDFAE9029E9F42600947C00 /* DestiniUITests */,
				ECDFAE6E29E9F42500947C00 /* Products */,
			);
			sourceTree = "<group>";
		};
		ECDFAE6E29E9F42500947C00 /* Products */ = {
			isa = PBXGroup;
			children = (
				ECDFAE6D29E9F42500947C00 /* Destini.app */,
				ECDFAE8329E9F42600947C00 /* DestiniTests.xctest */,
				ECDFAE8D29E9F42600947C00 /* DestiniUITests.xctest */,
			);
			name = Products;
			sourceTree = "<group>";
		};
		ECDFAE6F29E9F42500947C00 /* Destini */ = {
			isa = PBXGroup;
			children = (
				ECDFAE7029E9F42500947C00 /* AppDelegate.swift */,
				ECDFAE7229E9F42500947C00 /* SceneDelegate.swift */,
				ECDFAE7929E9F42600947C00 /* Assets.xcassets */,
				EC7E30BB29E9F58000975FF6 /* Model */,
				EC7E30B629E9F51900975FF6 /* Controller */,
				ECDFAE7B29E9F42600947C00 /* LaunchScreen.storyboard */,
				ECDFAE7E29E9F42600947C00 /* Info.plist */,
			);
			path = Destini;
			sourceTree = "<group>";
		};
		ECDFAE8629E9F42600947C00 /* DestiniTests */ = {
			isa = PBXGroup;
			children = (
				ECDFAE8729E9F42600947C00 /* DestiniTests.swift */,
			);
			path = DestiniTests;
			sourceTree = "<group>";
		};
		ECDFAE9029E9F42600947C00 /* DestiniUITests */ = {
			isa = PBXGroup;
			children = (
				ECDFAE9129E9F42600947C00 /* DestiniUITests.swift */,
				ECDFAE9329E9F42600947C00 /* DestiniUITestsLaunchTests.swift */,
			);
			path = DestiniUITests;
			sourceTree = "<group>";
		};
/* End PBXGroup section */

/* Begin PBXNativeTarget section */
		ECDFAE6C29E9F42500947C00 /* Destini */ = {
			isa = PBXNativeTarget;
			buildConfigurationList = ECDFAE9729E9F42600947C00 /* Build configuration list for PBXNativeTarget "Destini" */;
			buildPhases = (
				ECDFAE6929E9F42500947C00 /* Sources */,
				ECDFAE6A29E9F42500947C00 /* Frameworks */,
				ECDFAE6B29E9F42500947C00 /* Resources */,
			);
			buildRules = (
			);
			dependencies = (
			);
			name = Destini;
			productName = Destini;
			productReference = ECDFAE6D29E9F42500947C00 /* Destini.app */;
			productType = "com.apple.product-type.application";
		};
		ECDFAE8229E9F42600947C00 /* DestiniTests */ = {
			isa = PBXNativeTarget;
			buildConfigurationList = ECDFAE9A29E9F42600947C00 /* Build configuration list for PBXNativeTarget "DestiniTests" */;
			buildPhases = (
				ECDFAE7F29E9F42600947C00 /* Sources */,
				ECDFAE8029E9F42600947C00 /* Frameworks */,
				ECDFAE8129E9F42600947C00 /* Resources */,
			);
			buildRules = (
			);
			dependencies = (
				ECDFAE8529E9F42600947C00 /* PBXTargetDependency */,
			);
			name = DestiniTests;
			productName = DestiniTests;
			productReference = ECDFAE8329E9F42600947C00 /* DestiniTests.xctest */;
			productType = "com.apple.product-type.bundle.unit-test";
		};
		ECDFAE8C29E9F42600947C00 /* DestiniUITests */ = {
			isa = PBXNativeTarget;
			buildConfigurationList = ECDFAE9D29E9F42600947C00 /* Build configuration list for PBXNativeTarget "DestiniUITests" */;
			buildPhases = (
				ECDFAE8929E9F42600947C00 /* Sources */,
				ECDFAE8A29E9F42600947C00 /* Frameworks */,
				ECDFAE8B29E9F42600947C00 /* Resources */,
			);
			buildRules = (
			);
			dependencies = (
				ECDFAE8F29E9F42600947C00 /* PBXTargetDependency */,
			);
			name = DestiniUITests;
			productName = DestiniUITests;
			productReference = ECDFAE8D29E9F42600947C00 /* DestiniUITests.xctest */;
			productType = "com.apple.product-type.bundle.ui-testing";
		};
/* End PBXNativeTarget section */

/* Begin PBXProject section */
		ECDFAE6529E9F42500947C00 /* Project object */ = {
			isa = PBXProject;
			attributes = {
				BuildIndependentTargetsInParallel = 1;
				LastSwiftUpdateCheck = 1430;
				LastUpgradeCheck = 1430;
				TargetAttributes = {
					ECDFAE6C29E9F42500947C00 = {
						CreatedOnToolsVersion = 14.3;
					};
					ECDFAE8229E9F42600947C00 = {
						CreatedOnToolsVersion = 14.3;
						TestTargetID = ECDFAE6C29E9F42500947C00;
					};
					ECDFAE8C29E9F42600947C00 = {
						CreatedOnToolsVersion = 14.3;
						TestTargetID = ECDFAE6C29E9F42500947C00;
					};
				};
			};
			buildConfigurationList = ECDFAE6829E9F42500947C00 /* Build configuration list for PBXProject "Destini" */;
			compatibilityVersion = "Xcode 14.0";
			developmentRegion = en;
			hasScannedForEncodings = 0;
			knownRegions = (
				en,
				Base,
			);
			mainGroup = ECDFAE6429E9F42500947C00;
			productRefGroup = ECDFAE6E29E9F42500947C00 /* Products */;
			projectDirPath = "";
			projectRoot = "";
			targets = (
				ECDFAE6C29E9F42500947C00 /* Destini */,
				ECDFAE8229E9F42600947C00 /* DestiniTests */,
				ECDFAE8C29E9F42600947C00 /* DestiniUITests */,
			);
		};
/* End PBXProject section */

/* Begin PBXResourcesBuildPhase section */
		ECDFAE6B29E9F42500947C00 /* Resources */ = {
			isa = PBXResourcesBuildPhase;
			buildActionMask = 2147483647;
			files = (
				ECDFAE7D29E9F42600947C00 /* LaunchScreen.storyboard in Resources */,
				ECDFAE7A29E9F42600947C00 /* Assets.xcassets in Resources */,
				ECDFAE7829E9F42500947C00 /* Main.storyboard in Resources */,
			);
			runOnlyForDeploymentPostprocessing = 0;
		};
		ECDFAE8129E9F42600947C00 /* Resources */ = {
			isa = PBXResourcesBuildPhase;
			buildActionMask = 2147483647;
			files = (
			);
			runOnlyForDeploymentPostprocessing = 0;
		};
		ECDFAE8B29E9F42600947C00 /* Resources */ = {
			isa = PBXResourcesBuildPhase;
			buildActionMask = 2147483647;
			files = (
			);
			runOnlyForDeploymentPostprocessing = 0;
		};
/* End PBXResourcesBuildPhase section */

/* Begin PBXSourcesBuildPhase section */
		ECDFAE6929E9F42500947C00 /* Sources */ = {
			isa = PBXSourcesBuildPhase;
			buildActionMask = 2147483647;
			files = (
				EC7E30BA29E9F56000975FF6 /* StoryBrain.swift in Sources */,
				ECDFAE7529E9F42500947C00 /* ViewController.swift in Sources */,
				ECDFAE7129E9F42500947C00 /* AppDelegate.swift in Sources */,
				ECDFAE7329E9F42500947C00 /* SceneDelegate.swift in Sources */,
				EC7E30B829E9F54E00975FF6 /* Story.swift in Sources */,
			);
			runOnlyForDeploymentPostprocessing = 0;
		};
		ECDFAE7F29E9F42600947C00 /* Sources */ = {
			isa = PBXSourcesBuildPhase;
			buildActionMask = 2147483647;
			files = (
				ECDFAE8829E9F42600947C00 /* DestiniTests.swift in Sources */,
			);
			runOnlyForDeploymentPostprocessing = 0;
		};
		ECDFAE8929E9F42600947C00 /* Sources */ = {
			isa = PBXSourcesBuildPhase;
			buildActionMask = 2147483647;
			files = (
				ECDFAE9229E9F42600947C00 /* DestiniUITests.swift in Sources */,
				ECDFAE9429E9F42600947C00 /* DestiniUITestsLaunchTests.swift in Sources */,
			);
			runOnlyForDeploymentPostprocessing = 0;
		};
/* End PBXSourcesBuildPhase section */

/* Begin PBXTargetDependency section */
		ECDFAE8529E9F42600947C00 /* PBXTargetDependency */ = {
			isa = PBXTargetDependency;
			target = ECDFAE6C29E9F42500947C00 /* Destini */;
			targetProxy = ECDFAE8429E9F42600947C00 /* PBXContainerItemProxy */;
		};
		ECDFAE8F29E9F42600947C00 /* PBXTargetDependency */ = {
			isa = PBXTargetDependency;
			target = ECDFAE6C29E9F42500947C00 /* Destini */;
			targetProxy = ECDFAE8E29E9F42600947C00 /* PBXContainerItemProxy */;
		};
/* End PBXTargetDependency section */

/* Begin PBXVariantGroup section */
		ECDFAE7629E9F42500947C00 /* Main.storyboard */ = {
			isa = PBXVariantGroup;
			children = (
				ECDFAE7729E9F42500947C00 /* Base */,
			);
			name = Main.storyboard;
			sourceTree = "<group>";
		};
		ECDFAE7B29E9F42600947C00 /* LaunchScreen.storyboard */ = {
			isa = PBXVariantGroup;
			children = (
				ECDFAE7C29E9F42600947C00 /* Base */,
			);
			name = LaunchScreen.storyboard;
			sourceTree = "<group>";
		};
/* End PBXVariantGroup section */

/* Begin XCBuildConfiguration section */
		ECDFAE9529E9F42600947C00 /* Debug */ = {
			isa = XCBuildConfiguration;
			buildSettings = {
				ALWAYS_SEARCH_USER_PATHS = NO;
				CLANG_ANALYZER_NONNULL = YES;
				CLANG_ANALYZER_NUMBER_OBJECT_CONVERSION = YES_AGGRESSIVE;
				CLANG_CXX_LANGUAGE_STANDARD = "gnu++20";
				CLANG_ENABLE_MODULES = YES;
				CLANG_ENABLE_OBJC_ARC = YES;
				CLANG_ENABLE_OBJC_WEAK = YES;
				CLANG_WARN_BLOCK_CAPTURE_AUTORELEASING = YES;
				CLANG_WARN_BOOL_CONVERSION = YES;
				CLANG_WARN_COMMA = YES;
				CLANG_WARN_CONSTANT_CONVERSION = YES;
				CLANG_WARN_DEPRECATED_OBJC_IMPLEMENTATIONS = YES;
				CLANG_WARN_DIRECT_OBJC_ISA_USAGE = YES_ERROR;
				CLANG_WARN_DOCUMENTATION_COMMENTS = YES;
				CLANG_WARN_EMPTY_BODY = YES;
				CLANG_WARN_ENUM_CONVERSION = YES;
				CLANG_WARN_INFINITE_RECURSION = YES;
				CLANG_WARN_INT_CONVERSION = YES;
				CLANG_WARN_NON_LITERAL_NULL_CONVERSION = YES;
				CLANG_WARN_OBJC_IMPLICIT_RETAIN_SELF = YES;
				CLANG_WARN_OBJC_LITERAL_CONVERSION = YES;
				CLANG_WARN_OBJC_ROOT_CLASS = YES_ERROR;
				CLANG_WARN_QUOTED_INCLUDE_IN_FRAMEWORK_HEADER = YES;
				CLANG_WARN_RANGE_LOOP_ANALYSIS = YES;
				CLANG_WARN_STRICT_PROTOTYPES = YES;
				CLANG_WARN_SUSPICIOUS_MOVE = YES;
				CLANG_WARN_UNGUARDED_AVAILABILITY = YES_AGGRESSIVE;
				CLANG_WARN_UNREACHABLE_CODE = YES;
				CLANG_WARN__DUPLICATE_METHOD_MATCH = YES;
				COPY_PHASE_STRIP = NO;
				DEBUG_INFORMATION_FORMAT = dwarf;
				ENABLE_STRICT_OBJC_MSGSEND = YES;
				ENABLE_TESTABILITY = YES;
				GCC_C_LANGUAGE_STANDARD = gnu11;
				GCC_DYNAMIC_NO_PIC = NO;
				GCC_NO_COMMON_BLOCKS = YES;
				GCC_OPTIMIZATION_LEVEL = 0;
				GCC_PREPROCESSOR_DEFINITIONS = (
					"DEBUG=1",
					"$(inherited)",
				);
				GCC_WARN_64_TO_32_BIT_CONVERSION = YES;
				GCC_WARN_ABOUT_RETURN_TYPE = YES_ERROR;
				GCC_WARN_UNDECLARED_SELECTOR = YES;
				GCC_WARN_UNINITIALIZED_AUTOS = YES_AGGRESSIVE;
				GCC_WARN_UNUSED_FUNCTION = YES;
				GCC_WARN_UNUSED_VARIABLE = YES;
				IPHONEOS_DEPLOYMENT_TARGET = 16.4;
				MTL_ENABLE_DEBUG_INFO = INCLUDE_SOURCE;
				MTL_FAST_MATH = YES;
				ONLY_ACTIVE_ARCH = YES;
				SDKROOT = iphoneos;
				SWIFT_ACTIVE_COMPILATION_CONDITIONS = DEBUG;
				SWIFT_OPTIMIZATION_LEVEL = "-Onone";
			};
			name = Debug;
		};
		ECDFAE9629E9F42600947C00 /* Release */ = {
			isa = XCBuildConfiguration;
			buildSettings = {
				ALWAYS_SEARCH_USER_PATHS = NO;
				CLANG_ANALYZER_NONNULL = YES;
				CLANG_ANALYZER_NUMBER_OBJECT_CONVERSION = YES_AGGRESSIVE;
				CLANG_CXX_LANGUAGE_STANDARD = "gnu++20";
				CLANG_ENABLE_MODULES = YES;
				CLANG_ENABLE_OBJC_ARC = YES;
				CLANG_ENABLE_OBJC_WEAK = YES;
				CLANG_WARN_BLOCK_CAPTURE_AUTORELEASING = YES;
				CLANG_WARN_BOOL_CONVERSION = YES;
				CLANG_WARN_COMMA = YES;
				CLANG_WARN_CONSTANT_CONVERSION = YES;
				CLANG_WARN_DEPRECATED_OBJC_IMPLEMENTATIONS = YES;
				CLANG_WARN_DIRECT_OBJC_ISA_USAGE = YES_ERROR;
				CLANG_WARN_DOCUMENTATION_COMMENTS = YES;
				CLANG_WARN_EMPTY_BODY = YES;
				CLANG_WARN_ENUM_CONVERSION = YES;
				CLANG_WARN_INFINITE_RECURSION = YES;
				CLANG_WARN_INT_CONVERSION = YES;
				CLANG_WARN_NON_LITERAL_NULL_CONVERSION = YES;
				CLANG_WARN_OBJC_IMPLICIT_RETAIN_SELF = YES;
				CLANG_WARN_OBJC_LITERAL_CONVERSION = YES;
				CLANG_WARN_OBJC_ROOT_CLASS = YES_ERROR;
				CLANG_WARN_QUOTED_INCLUDE_IN_FRAMEWORK_HEADER = YES;
				CLANG_WARN_RANGE_LOOP_ANALYSIS = YES;
				CLANG_WARN_STRICT_PROTOTYPES = YES;
				CLANG_WARN_SUSPICIOUS_MOVE = YES;
				CLANG_WARN_UNGUARDED_AVAILABILITY = YES_AGGRESSIVE;
				CLANG_WARN_UNREACHABLE_CODE = YES;
				CLANG_WARN__DUPLICATE_METHOD_MATCH = YES;
				COPY_PHASE_STRIP = NO;
				DEBUG_INFORMATION_FORMAT = "dwarf-with-dsym";
				ENABLE_NS_ASSERTIONS = NO;
				ENABLE_STRICT_OBJC_MSGSEND = YES;
				GCC_C_LANGUAGE_STANDARD = gnu11;
				GCC_NO_COMMON_BLOCKS = YES;
				GCC_WARN_64_TO_32_BIT_CONVERSION = YES;
				GCC_WARN_ABOUT_RETURN_TYPE = YES_ERROR;
				GCC_WARN_UNDECLARED_SELECTOR = YES;
				GCC_WARN_UNINITIALIZED_AUTOS = YES_AGGRESSIVE;
				GCC_WARN_UNUSED_FUNCTION = YES;
				GCC_WARN_UNUSED_VARIABLE = YES;
				IPHONEOS_DEPLOYMENT_TARGET = 16.4;
				MTL_ENABLE_DEBUG_INFO = NO;
				MTL_FAST_MATH = YES;
				SDKROOT = iphoneos;
				SWIFT_COMPILATION_MODE = wholemodule;
				SWIFT_OPTIMIZATION_LEVEL = "-O";
				VALIDATE_PRODUCT = YES;
			};
			name = Release;
		};
		ECDFAE9829E9F42600947C00 /* Debug */ = {
			isa = XCBuildConfiguration;
			buildSettings = {
				ASSETCATALOG_COMPILER_APPICON_NAME = AppIcon;
				ASSETCATALOG_COMPILER_GLOBAL_ACCENT_COLOR_NAME = AccentColor;
				CODE_SIGN_STYLE = Automatic;
				CURRENT_PROJECT_VERSION = 1;
				DEVELOPMENT_TEAM = 374DGY6WA4;
				GENERATE_INFOPLIST_FILE = YES;
				INFOPLIST_FILE = Destini/Info.plist;
				INFOPLIST_KEY_UIApplicationSupportsIndirectInputEvents = YES;
				INFOPLIST_KEY_UILaunchStoryboardName = LaunchScreen;
				INFOPLIST_KEY_UIMainStoryboardFile = Main;
				INFOPLIST_KEY_UISupportedInterfaceOrientations_iPad = "UIInterfaceOrientationPortrait UIInterfaceOrientationPortraitUpsideDown UIInterfaceOrientationLandscapeLeft UIInterfaceOrientationLandscapeRight";
				INFOPLIST_KEY_UISupportedInterfaceOrientations_iPhone = "UIInterfaceOrientationPortrait UIInterfaceOrientationLandscapeLeft UIInterfaceOrientationLandscapeRight";
				LD_RUNPATH_SEARCH_PATHS = (
					"$(inherited)",
					"@executable_path/Frameworks",
				);
				MARKETING_VERSION = 1.0;
				PRODUCT_BUNDLE_IDENTIFIER = edwarddev.Destini;
				PRODUCT_NAME = "$(TARGET_NAME)";
				SWIFT_EMIT_LOC_STRINGS = YES;
				SWIFT_VERSION = 5.0;
				TARGETED_DEVICE_FAMILY = "1,2";
			};
			name = Debug;
		};
		ECDFAE9929E9F42600947C00 /* Release */ = {
			isa = XCBuildConfiguration;
			buildSettings = {
				ASSETCATALOG_COMPILER_APPICON_NAME = AppIcon;
				ASSETCATALOG_COMPILER_GLOBAL_ACCENT_COLOR_NAME = AccentColor;
				CODE_SIGN_STYLE = Automatic;
				CURRENT_PROJECT_VERSION = 1;
				DEVELOPMENT_TEAM = 374DGY6WA4;
				GENERATE_INFOPLIST_FILE = YES;
				INFOPLIST_FILE = Destini/Info.plist;
				INFOPLIST_KEY_UIApplicationSupportsIndirectInputEvents = YES;
				INFOPLIST_KEY_UILaunchStoryboardName = LaunchScreen;
				INFOPLIST_KEY_UIMainStoryboardFile = Main;
				INFOPLIST_KEY_UISupportedInterfaceOrientations_iPad = "UIInterfaceOrientationPortrait UIInterfaceOrientationPortraitUpsideDown UIInterfaceOrientationLandscapeLeft UIInterfaceOrientationLandscapeRight";
				INFOPLIST_KEY_UISupportedInterfaceOrientations_iPhone = "UIInterfaceOrientationPortrait UIInterfaceOrientationLandscapeLeft UIInterfaceOrientationLandscapeRight";
				LD_RUNPATH_SEARCH_PATHS = (
					"$(inherited)",
					"@executable_path/Frameworks",
				);
				MARKETING_VERSION = 1.0;
				PRODUCT_BUNDLE_IDENTIFIER = edwarddev.Destini;
				PRODUCT_NAME = "$(TARGET_NAME)";
				SWIFT_EMIT_LOC_STRINGS = YES;
				SWIFT_VERSION = 5.0;
				TARGETED_DEVICE_FAMILY = "1,2";
			};
			name = Release;
		};
		ECDFAE9B29E9F42600947C00 /* Debug */ = {
			isa = XCBuildConfiguration;
			buildSettings = {
				ALWAYS_EMBED_SWIFT_STANDARD_LIBRARIES = YES;
				BUNDLE_LOADER = "$(TEST_HOST)";
				CODE_SIGN_STYLE = Automatic;
				CURRENT_PROJECT_VERSION = 1;
				DEVELOPMENT_TEAM = 374DGY6WA4;
				GENERATE_INFOPLIST_FILE = YES;
				IPHONEOS_DEPLOYMENT_TARGET = 16.4;
				MARKETING_VERSION = 1.0;
				PRODUCT_BUNDLE_IDENTIFIER = edwarddev.DestiniTests;
				PRODUCT_NAME = "$(TARGET_NAME)";
				SWIFT_EMIT_LOC_STRINGS = NO;
				SWIFT_VERSION = 5.0;
				TARGETED_DEVICE_FAMILY = "1,2";
				TEST_HOST = "$(BUILT_PRODUCTS_DIR)/Destini.app/$(BUNDLE_EXECUTABLE_FOLDER_PATH)/Destini";
			};
			name = Debug;
		};
		ECDFAE9C29E9F42600947C00 /* Release */ = {
			isa = XCBuildConfiguration;
			buildSettings = {
				ALWAYS_EMBED_SWIFT_STANDARD_LIBRARIES = YES;
				BUNDLE_LOADER = "$(TEST_HOST)";
				CODE_SIGN_STYLE = Automatic;
				CURRENT_PROJECT_VERSION = 1;
				DEVELOPMENT_TEAM = 374DGY6WA4;
				GENERATE_INFOPLIST_FILE = YES;
				IPHONEOS_DEPLOYMENT_TARGET = 16.4;
				MARKETING_VERSION = 1.0;
				PRODUCT_BUNDLE_IDENTIFIER = edwarddev.DestiniTests;
				PRODUCT_NAME = "$(TARGET_NAME)";
				SWIFT_EMIT_LOC_STRINGS = NO;
				SWIFT_VERSION = 5.0;
				TARGETED_DEVICE_FAMILY = "1,2";
				TEST_HOST = "$(BUILT_PRODUCTS_DIR)/Destini.app/$(BUNDLE_EXECUTABLE_FOLDER_PATH)/Destini";
			};
			name = Release;
		};
		ECDFAE9E29E9F42600947C00 /* Debug */ = {
			isa = XCBuildConfiguration;
			buildSettings = {
				ALWAYS_EMBED_SWIFT_STANDARD_LIBRARIES = YES;
				CODE_SIGN_STYLE = Automatic;
				CURRENT_PROJECT_VERSION = 1;
				DEVELOPMENT_TEAM = 374DGY6WA4;
				GENERATE_INFOPLIST_FILE = YES;
				MARKETING_VERSION = 1.0;
				PRODUCT_BUNDLE_IDENTIFIER = edwarddev.DestiniUITests;
				PRODUCT_NAME = "$(TARGET_NAME)";
				SWIFT_EMIT_LOC_STRINGS = NO;
				SWIFT_VERSION = 5.0;
				TARGETED_DEVICE_FAMILY = "1,2";
				TEST_TARGET_NAME = Destini;
			};
			name = Debug;
		};
		ECDFAE9F29E9F42600947C00 /* Release */ = {
			isa = XCBuildConfiguration;
			buildSettings = {
				ALWAYS_EMBED_SWIFT_STANDARD_LIBRARIES = YES;
				CODE_SIGN_STYLE = Automatic;
				CURRENT_PROJECT_VERSION = 1;
				DEVELOPMENT_TEAM = 374DGY6WA4;
				GENERATE_INFOPLIST_FILE = YES;
				MARKETING_VERSION = 1.0;
				PRODUCT_BUNDLE_IDENTIFIER = edwarddev.DestiniUITests;
				PRODUCT_NAME = "$(TARGET_NAME)";
				SWIFT_EMIT_LOC_STRINGS = NO;
				SWIFT_VERSION = 5.0;
				TARGETED_DEVICE_FAMILY = "1,2";
				TEST_TARGET_NAME = Destini;
			};
			name = Release;
		};
/* End XCBuildConfiguration section */

/* Begin XCConfigurationList section */
		ECDFAE6829E9F42500947C00 /* Build configuration list for PBXProject "Destini" */ = {
			isa = XCConfigurationList;
			buildConfigurations = (
				ECDFAE9529E9F42600947C00 /* Debug */,
				ECDFAE9629E9F42600947C00 /* Release */,
			);
			defaultConfigurationIsVisible = 0;
			defaultConfigurationName = Release;
		};
		ECDFAE9729E9F42600947C00 /* Build configuration list for PBXNativeTarget "Destini" */ = {
			isa = XCConfigurationList;
			buildConfigurations = (
				ECDFAE9829E9F42600947C00 /* Debug */,
				ECDFAE9929E9F42600947C00 /* Release */,
			);
			defaultConfigurationIsVisible = 0;
			defaultConfigurationName = Release;
		};
		ECDFAE9A29E9F42600947C00 /* Build configuration list for PBXNativeTarget "DestiniTests" */ = {
			isa = XCConfigurationList;
			buildConfigurations = (
				ECDFAE9B29E9F42600947C00 /* Debug */,
				ECDFAE9C29E9F42600947C00 /* Release */,
			);
			defaultConfigurationIsVisible = 0;
			defaultConfigurationName = Release;
		};
		ECDFAE9D29E9F42600947C00 /* Build configuration list for PBXNativeTarget "DestiniUITests" */ = {
			isa = XCConfigurationList;
			buildConfigurations = (
				ECDFAE9E29E9F42600947C00 /* Debug */,
				ECDFAE9F29E9F42600947C00 /* Release */,
			);
			defaultConfigurationIsVisible = 0;
			defaultConfigurationName = Release;
		};
/* End XCConfigurationList section */
	};
	rootObject = ECDFAE6529E9F42500947C00 /* Project object */;
}
